// !$*UTF8*$!
{
	archiveVersion = 1;
	classes = {
	};
	objectVersion = 50;
	objects = {

/* Begin PBXBuildFile section */
		FC5F6DA0247C722800C766B5 /* AppDelegate.swift in Sources */ = {isa = PBXBuildFile; fileRef = FC5F6D9F247C722800C766B5 /* AppDelegate.swift */; };
		FC5F6DA2247C722800C766B5 /* SceneDelegate.swift in Sources */ = {isa = PBXBuildFile; fileRef = FC5F6DA1247C722800C766B5 /* SceneDelegate.swift */; };
		FC5F6DA4247C722800C766B5 /* ViewController.swift in Sources */ = {isa = PBXBuildFile; fileRef = FC5F6DA3247C722800C766B5 /* ViewController.swift */; };
		FC5F6DA7247C722800C766B5 /* Main.storyboard in Resources */ = {isa = PBXBuildFile; fileRef = FC5F6DA5247C722800C766B5 /* Main.storyboard */; };
		FC5F6DA9247C722800C766B5 /* Assets.xcassets in Resources */ = {isa = PBXBuildFile; fileRef = FC5F6DA8247C722800C766B5 /* Assets.xcassets */; };
		FC5F6DAC247C722800C766B5 /* LaunchScreen.storyboard in Resources */ = {isa = PBXBuildFile; fileRef = FC5F6DAA247C722800C766B5 /* LaunchScreen.storyboard */; };
		FC5F6DB7247C722900C766B5 /* HIIT_TimerTests.swift in Sources */ = {isa = PBXBuildFile; fileRef = FC5F6DB6247C722900C766B5 /* HIIT_TimerTests.swift */; };
		FC5F6DC2247C722900C766B5 /* HIIT_TimerUITests.swift in Sources */ = {isa = PBXBuildFile; fileRef = FC5F6DC1247C722900C766B5 /* HIIT_TimerUITests.swift */; };
/* End PBXBuildFile section */

/* Begin PBXContainerItemProxy section */
		FC5F6DB3247C722900C766B5 /* PBXContainerItemProxy */ = {
			isa = PBXContainerItemProxy;
			containerPortal = FC5F6D94247C722800C766B5 /* Project object */;
			proxyType = 1;
			remoteGlobalIDString = FC5F6D9B247C722800C766B5;
			remoteInfo = "HIIT-Timer";
		};
		FC5F6DBE247C722900C766B5 /* PBXContainerItemProxy */ = {
			isa = PBXContainerItemProxy;
			containerPortal = FC5F6D94247C722800C766B5 /* Project object */;
			proxyType = 1;
			remoteGlobalIDString = FC5F6D9B247C722800C766B5;
			remoteInfo = "HIIT-Timer";
		};
/* End PBXContainerItemProxy section */

/* Begin PBXFileReference section */
		FC5F6D9C247C722800C766B5 /* HIIT-Timer.app */ = {isa = PBXFileReference; explicitFileType = wrapper.application; includeInIndex = 0; path = "HIIT-Timer.app"; sourceTree = BUILT_PRODUCTS_DIR; };
		FC5F6D9F247C722800C766B5 /* AppDelegate.swift */ = {isa = PBXFileReference; lastKnownFileType = sourcecode.swift; path = AppDelegate.swift; sourceTree = "<group>"; };
		FC5F6DA1247C722800C766B5 /* SceneDelegate.swift */ = {isa = PBXFileReference; lastKnownFileType = sourcecode.swift; path = SceneDelegate.swift; sourceTree = "<group>"; };
		FC5F6DA3247C722800C766B5 /* ViewController.swift */ = {isa = PBXFileReference; lastKnownFileType = sourcecode.swift; path = ViewController.swift; sourceTree = "<group>"; };
		FC5F6DA6247C722800C766B5 /* Base */ = {isa = PBXFileReference; lastKnownFileType = file.storyboard; name = Base; path = Base.lproj/Main.storyboard; sourceTree = "<group>"; };
		FC5F6DA8247C722800C766B5 /* Assets.xcassets */ = {isa = PBXFileReference; lastKnownFileType = folder.assetcatalog; path = Assets.xcassets; sourceTree = "<group>"; };
		FC5F6DAB247C722800C766B5 /* Base */ = {isa = PBXFileReference; lastKnownFileType = file.storyboard; name = Base; path = Base.lproj/LaunchScreen.storyboard; sourceTree = "<group>"; };
		FC5F6DAD247C722800C766B5 /* Info.plist */ = {isa = PBXFileReference; lastKnownFileType = text.plist.xml; path = Info.plist; sourceTree = "<group>"; };
		FC5F6DB2247C722900C766B5 /* HIIT-TimerTests.xctest */ = {isa = PBXFileReference; explicitFileType = wrapper.cfbundle; includeInIndex = 0; path = "HIIT-TimerTests.xctest"; sourceTree = BUILT_PRODUCTS_DIR; };
		FC5F6DB6247C722900C766B5 /* HIIT_TimerTests.swift */ = {isa = PBXFileReference; lastKnownFileType = sourcecode.swift; path = HIIT_TimerTests.swift; sourceTree = "<group>"; };
		FC5F6DB8247C722900C766B5 /* Info.plist */ = {isa = PBXFileReference; lastKnownFileType = text.plist.xml; path = Info.plist; sourceTree = "<group>"; };
		FC5F6DBD247C722900C766B5 /* HIIT-TimerUITests.xctest */ = {isa = PBXFileReference; explicitFileType = wrapper.cfbundle; includeInIndex = 0; path = "HIIT-TimerUITests.xctest"; sourceTree = BUILT_PRODUCTS_DIR; };
		FC5F6DC1247C722900C766B5 /* HIIT_TimerUITests.swift */ = {isa = PBXFileReference; lastKnownFileType = sourcecode.swift; path = HIIT_TimerUITests.swift; sourceTree = "<group>"; };
		FC5F6DC3247C722900C766B5 /* Info.plist */ = {isa = PBXFileReference; lastKnownFileType = text.plist.xml; path = Info.plist; sourceTree = "<group>"; };
/* End PBXFileReference section */

/* Begin PBXFrameworksBuildPhase section */
		FC5F6D99247C722800C766B5 /* Frameworks */ = {
			isa = PBXFrameworksBuildPhase;
			buildActionMask = 2147483647;
			files = (
			);
			runOnlyForDeploymentPostprocessing = 0;
		};
		FC5F6DAF247C722900C766B5 /* Frameworks */ = {
			isa = PBXFrameworksBuildPhase;
			buildActionMask = 2147483647;
			files = (
			);
			runOnlyForDeploymentPostprocessing = 0;
		};
		FC5F6DBA247C722900C766B5 /* Frameworks */ = {
			isa = PBXFrameworksBuildPhase;
			buildActionMask = 2147483647;
			files = (
			);
			runOnlyForDeploymentPostprocessing = 0;
		};
/* End PBXFrameworksBuildPhase section */

/* Begin PBXGroup section */
		FC5F6D93247C722800C766B5 = {
			isa = PBXGroup;
			children = (
				FC5F6D9E247C722800C766B5 /* HIIT-Timer */,
				FC5F6DB5247C722900C766B5 /* HIIT-TimerTests */,
				FC5F6DC0247C722900C766B5 /* HIIT-TimerUITests */,
				FC5F6D9D247C722800C766B5 /* Products */,
			);
			sourceTree = "<group>";
		};
		FC5F6D9D247C722800C766B5 /* Products */ = {
			isa = PBXGroup;
			children = (
				FC5F6D9C247C722800C766B5 /* HIIT-Timer.app */,
				FC5F6DB2247C722900C766B5 /* HIIT-TimerTests.xctest */,
				FC5F6DBD247C722900C766B5 /* HIIT-TimerUITests.xctest */,
			);
			name = Products;
			sourceTree = "<group>";
		};
		FC5F6D9E247C722800C766B5 /* HIIT-Timer */ = {
			isa = PBXGroup;
			children = (
				FC5F6D9F247C722800C766B5 /* AppDelegate.swift */,
				FC5F6DA1247C722800C766B5 /* SceneDelegate.swift */,
				FC5F6DA3247C722800C766B5 /* ViewController.swift */,
				FC5F6DA5247C722800C766B5 /* Main.storyboard */,
				FC5F6DA8247C722800C766B5 /* Assets.xcassets */,
				FC5F6DAA247C722800C766B5 /* LaunchScreen.storyboard */,
				FC5F6DAD247C722800C766B5 /* Info.plist */,
			);
			path = "HIIT-Timer";
			sourceTree = "<group>";
		};
		FC5F6DB5247C722900C766B5 /* HIIT-TimerTests */ = {
			isa = PBXGroup;
			children = (
				FC5F6DB6247C722900C766B5 /* HIIT_TimerTests.swift */,
				FC5F6DB8247C722900C766B5 /* Info.plist */,
			);
			path = "HIIT-TimerTests";
			sourceTree = "<group>";
		};
		FC5F6DC0247C722900C766B5 /* HIIT-TimerUITests */ = {
			isa = PBXGroup;
			children = (
				FC5F6DC1247C722900C766B5 /* HIIT_TimerUITests.swift */,
				FC5F6DC3247C722900C766B5 /* Info.plist */,
			);
			path = "HIIT-TimerUITests";
			sourceTree = "<group>";
		};
/* End PBXGroup section */

/* Begin PBXNativeTarget section */
		FC5F6D9B247C722800C766B5 /* HIIT-Timer */ = {
			isa = PBXNativeTarget;
			buildConfigurationList = FC5F6DC6247C722900C766B5 /* Build configuration list for PBXNativeTarget "HIIT-Timer" */;
			buildPhases = (
				FC5F6D98247C722800C766B5 /* Sources */,
				FC5F6D99247C722800C766B5 /* Frameworks */,
				FC5F6D9A247C722800C766B5 /* Resources */,
			);
			buildRules = (
			);
			dependencies = (
			);
			name = "HIIT-Timer";
			productName = "HIIT-Timer";
			productReference = FC5F6D9C247C722800C766B5 /* HIIT-Timer.app */;
			productType = "com.apple.product-type.application";
		};
		FC5F6DB1247C722900C766B5 /* HIIT-TimerTests */ = {
			isa = PBXNativeTarget;
			buildConfigurationList = FC5F6DC9247C722900C766B5 /* Build configuration list for PBXNativeTarget "HIIT-TimerTests" */;
			buildPhases = (
				FC5F6DAE247C722900C766B5 /* Sources */,
				FC5F6DAF247C722900C766B5 /* Frameworks */,
				FC5F6DB0247C722900C766B5 /* Resources */,
			);
			buildRules = (
			);
			dependencies = (
				FC5F6DB4247C722900C766B5 /* PBXTargetDependency */,
			);
			name = "HIIT-TimerTests";
			productName = "HIIT-TimerTests";
			productReference = FC5F6DB2247C722900C766B5 /* HIIT-TimerTests.xctest */;
			productType = "com.apple.product-type.bundle.unit-test";
		};
		FC5F6DBC247C722900C766B5 /* HIIT-TimerUITests */ = {
			isa = PBXNativeTarget;
			buildConfigurationList = FC5F6DCC247C722900C766B5 /* Build configuration list for PBXNativeTarget "HIIT-TimerUITests" */;
			buildPhases = (
				FC5F6DB9247C722900C766B5 /* Sources */,
				FC5F6DBA247C722900C766B5 /* Frameworks */,
				FC5F6DBB247C722900C766B5 /* Resources */,
			);
			buildRules = (
			);
			dependencies = (
				FC5F6DBF247C722900C766B5 /* PBXTargetDependency */,
			);
			name = "HIIT-TimerUITests";
			productName = "HIIT-TimerUITests";
			productReference = FC5F6DBD247C722900C766B5 /* HIIT-TimerUITests.xctest */;
			productType = "com.apple.product-type.bundle.ui-testing";
		};
/* End PBXNativeTarget section */

/* Begin PBXProject section */
		FC5F6D94247C722800C766B5 /* Project object */ = {
			isa = PBXProject;
			attributes = {
				LastSwiftUpdateCheck = 1150;
				LastUpgradeCheck = 1150;
				ORGANIZATIONNAME = "Nilang Patel";
				TargetAttributes = {
					FC5F6D9B247C722800C766B5 = {
						CreatedOnToolsVersion = 11.5;
					};
					FC5F6DB1247C722900C766B5 = {
						CreatedOnToolsVersion = 11.5;
						TestTargetID = FC5F6D9B247C722800C766B5;
					};
					FC5F6DBC247C722900C766B5 = {
						CreatedOnToolsVersion = 11.5;
						TestTargetID = FC5F6D9B247C722800C766B5;
					};
				};
			};
			buildConfigurationList = FC5F6D97247C722800C766B5 /* Build configuration list for PBXProject "HIIT-Timer" */;
			compatibilityVersion = "Xcode 9.3";
			developmentRegion = en;
			hasScannedForEncodings = 0;
			knownRegions = (
				en,
				Base,
			);
			mainGroup = FC5F6D93247C722800C766B5;
			productRefGroup = FC5F6D9D247C722800C766B5 /* Products */;
			projectDirPath = "";
			projectRoot = "";
			targets = (
				FC5F6D9B247C722800C766B5 /* HIIT-Timer */,
				FC5F6DB1247C722900C766B5 /* HIIT-TimerTests */,
				FC5F6DBC247C722900C766B5 /* HIIT-TimerUITests */,
			);
		};
/* End PBXProject section */

/* Begin PBXResourcesBuildPhase section */
		FC5F6D9A247C722800C766B5 /* Resources */ = {
			isa = PBXResourcesBuildPhase;
			buildActionMask = 2147483647;
			files = (
				FC5F6DAC247C722800C766B5 /* LaunchScreen.storyboard in Resources */,
				FC5F6DA9247C722800C766B5 /* Assets.xcassets in Resources */,
				FC5F6DA7247C722800C766B5 /* Main.storyboard in Resources */,
			);
			runOnlyForDeploymentPostprocessing = 0;
		};
		FC5F6DB0247C722900C766B5 /* Resources */ = {
			isa = PBXResourcesBuildPhase;
			buildActionMask = 2147483647;
			files = (
			);
			runOnlyForDeploymentPostprocessing = 0;
		};
		FC5F6DBB247C722900C766B5 /* Resources */ = {
			isa = PBXResourcesBuildPhase;
			buildActionMask = 2147483647;
			files = (
			);
			runOnlyForDeploymentPostprocessing = 0;
		};
/* End PBXResourcesBuildPhase section */

/* Begin PBXSourcesBuildPhase section */
		FC5F6D98247C722800C766B5 /* Sources */ = {
			isa = PBXSourcesBuildPhase;
			buildActionMask = 2147483647;
			files = (
				FC5F6DA4247C722800C766B5 /* ViewController.swift in Sources */,
				FC5F6DA0247C722800C766B5 /* AppDelegate.swift in Sources */,
				FC5F6DA2247C722800C766B5 /* SceneDelegate.swift in Sources */,
			);
			runOnlyForDeploymentPostprocessing = 0;
		};
		FC5F6DAE247C722900C766B5 /* Sources */ = {
			isa = PBXSourcesBuildPhase;
			buildActionMask = 2147483647;
			files = (
				FC5F6DB7247C722900C766B5 /* HIIT_TimerTests.swift in Sources */,
			);
			runOnlyForDeploymentPostprocessing = 0;
		};
		FC5F6DB9247C722900C766B5 /* Sources */ = {
			isa = PBXSourcesBuildPhase;
			buildActionMask = 2147483647;
			files = (
				FC5F6DC2247C722900C766B5 /* HIIT_TimerUITests.swift in Sources */,
			);
			runOnlyForDeploymentPostprocessing = 0;
		};
/* End PBXSourcesBuildPhase section */

/* Begin PBXTargetDependency section */
		FC5F6DB4247C722900C766B5 /* PBXTargetDependency */ = {
			isa = PBXTargetDependency;
			target = FC5F6D9B247C722800C766B5 /* HIIT-Timer */;
			targetProxy = FC5F6DB3247C722900C766B5 /* PBXContainerItemProxy */;
		};
		FC5F6DBF247C722900C766B5 /* PBXTargetDependency */ = {
			isa = PBXTargetDependency;
			target = FC5F6D9B247C722800C766B5 /* HIIT-Timer */;
			targetProxy = FC5F6DBE247C722900C766B5 /* PBXContainerItemProxy */;
		};
/* End PBXTargetDependency section */

/* Begin PBXVariantGroup section */
		FC5F6DA5247C722800C766B5 /* Main.storyboard */ = {
			isa = PBXVariantGroup;
			children = (
				FC5F6DA6247C722800C766B5 /* Base */,
			);
			name = Main.storyboard;
			sourceTree = "<group>";
		};
		FC5F6DAA247C722800C766B5 /* LaunchScreen.storyboard */ = {
			isa = PBXVariantGroup;
			children = (
				FC5F6DAB247C722800C766B5 /* Base */,
			);
			name = LaunchScreen.storyboard;
			sourceTree = "<group>";
		};
/* End PBXVariantGroup section */

/* Begin XCBuildConfiguration section */
		FC5F6DC4247C722900C766B5 /* Debug */ = {
			isa = XCBuildConfiguration;
			buildSettings = {
				ALWAYS_SEARCH_USER_PATHS = NO;
				CLANG_ANALYZER_NONNULL = YES;
				CLANG_ANALYZER_NUMBER_OBJECT_CONVERSION = YES_AGGRESSIVE;
				CLANG_CXX_LANGUAGE_STANDARD = "gnu++14";
				CLANG_CXX_LIBRARY = "libc++";
				CLANG_ENABLE_MODULES = YES;
				CLANG_ENABLE_OBJC_ARC = YES;
				CLANG_ENABLE_OBJC_WEAK = YES;
				CLANG_WARN_BLOCK_CAPTURE_AUTORELEASING = YES;
				CLANG_WARN_BOOL_CONVERSION = YES;
				CLANG_WARN_COMMA = YES;
				CLANG_WARN_CONSTANT_CONVERSION = YES;
				CLANG_WARN_DEPRECATED_OBJC_IMPLEMENTATIONS = YES;
				CLANG_WARN_DIRECT_OBJC_ISA_USAGE = YES_ERROR;
				CLANG_WARN_DOCUMENTATION_COMMENTS = YES;
				CLANG_WARN_EMPTY_BODY = YES;
				CLANG_WARN_ENUM_CONVERSION = YES;
				CLANG_WARN_INFINITE_RECURSION = YES;
				CLANG_WARN_INT_CONVERSION = YES;
				CLANG_WARN_NON_LITERAL_NULL_CONVERSION = YES;
				CLANG_WARN_OBJC_IMPLICIT_RETAIN_SELF = YES;
				CLANG_WARN_OBJC_LITERAL_CONVERSION = YES;
				CLANG_WARN_OBJC_ROOT_CLASS = YES_ERROR;
				CLANG_WARN_RANGE_LOOP_ANALYSIS = YES;
				CLANG_WARN_STRICT_PROTOTYPES = YES;
				CLANG_WARN_SUSPICIOUS_MOVE = YES;
				CLANG_WARN_UNGUARDED_AVAILABILITY = YES_AGGRESSIVE;
				CLANG_WARN_UNREACHABLE_CODE = YES;
				CLANG_WARN__DUPLICATE_METHOD_MATCH = YES;
				COPY_PHASE_STRIP = NO;
				DEBUG_INFORMATION_FORMAT = dwarf;
				ENABLE_STRICT_OBJC_MSGSEND = YES;
				ENABLE_TESTABILITY = YES;
				GCC_C_LANGUAGE_STANDARD = gnu11;
				GCC_DYNAMIC_NO_PIC = NO;
				GCC_NO_COMMON_BLOCKS = YES;
				GCC_OPTIMIZATION_LEVEL = 0;
				GCC_PREPROCESSOR_DEFINITIONS = (
					"DEBUG=1",
					"$(inherited)",
				);
				GCC_WARN_64_TO_32_BIT_CONVERSION = YES;
				GCC_WARN_ABOUT_RETURN_TYPE = YES_ERROR;
				GCC_WARN_UNDECLARED_SELECTOR = YES;
				GCC_WARN_UNINITIALIZED_AUTOS = YES_AGGRESSIVE;
				GCC_WARN_UNUSED_FUNCTION = YES;
				GCC_WARN_UNUSED_VARIABLE = YES;
				IPHONEOS_DEPLOYMENT_TARGET = 13.5;
				MTL_ENABLE_DEBUG_INFO = INCLUDE_SOURCE;
				MTL_FAST_MATH = YES;
				ONLY_ACTIVE_ARCH = YES;
				SDKROOT = iphoneos;
				SWIFT_ACTIVE_COMPILATION_CONDITIONS = DEBUG;
				SWIFT_OPTIMIZATION_LEVEL = "-Onone";
			};
			name = Debug;
		};
		FC5F6DC5247C722900C766B5 /* Release */ = {
			isa = XCBuildConfiguration;
			buildSettings = {
				ALWAYS_SEARCH_USER_PATHS = NO;
				CLANG_ANALYZER_NONNULL = YES;
				CLANG_ANALYZER_NUMBER_OBJECT_CONVERSION = YES_AGGRESSIVE;
				CLANG_CXX_LANGUAGE_STANDARD = "gnu++14";
				CLANG_CXX_LIBRARY = "libc++";
				CLANG_ENABLE_MODULES = YES;
				CLANG_ENABLE_OBJC_ARC = YES;
				CLANG_ENABLE_OBJC_WEAK = YES;
				CLANG_WARN_BLOCK_CAPTURE_AUTORELEASING = YES;
				CLANG_WARN_BOOL_CONVERSION = YES;
				CLANG_WARN_COMMA = YES;
				CLANG_WARN_CONSTANT_CONVERSION = YES;
				CLANG_WARN_DEPRECATED_OBJC_IMPLEMENTATIONS = YES;
				CLANG_WARN_DIRECT_OBJC_ISA_USAGE = YES_ERROR;
				CLANG_WARN_DOCUMENTATION_COMMENTS = YES;
				CLANG_WARN_EMPTY_BODY = YES;
				CLANG_WARN_ENUM_CONVERSION = YES;
				CLANG_WARN_INFINITE_RECURSION = YES;
				CLANG_WARN_INT_CONVERSION = YES;
				CLANG_WARN_NON_LITERAL_NULL_CONVERSION = YES;
				CLANG_WARN_OBJC_IMPLICIT_RETAIN_SELF = YES;
				CLANG_WARN_OBJC_LITERAL_CONVERSION = YES;
				CLANG_WARN_OBJC_ROOT_CLASS = YES_ERROR;
				CLANG_WARN_RANGE_LOOP_ANALYSIS = YES;
				CLANG_WARN_STRICT_PROTOTYPES = YES;
				CLANG_WARN_SUSPICIOUS_MOVE = YES;
				CLANG_WARN_UNGUARDED_AVAILABILITY = YES_AGGRESSIVE;
				CLANG_WARN_UNREACHABLE_CODE = YES;
				CLANG_WARN__DUPLICATE_METHOD_MATCH = YES;
				COPY_PHASE_STRIP = NO;
				DEBUG_INFORMATION_FORMAT = "dwarf-with-dsym";
				ENABLE_NS_ASSERTIONS = NO;
				ENABLE_STRICT_OBJC_MSGSEND = YES;
				GCC_C_LANGUAGE_STANDARD = gnu11;
				GCC_NO_COMMON_BLOCKS = YES;
				GCC_WARN_64_TO_32_BIT_CONVERSION = YES;
				GCC_WARN_ABOUT_RETURN_TYPE = YES_ERROR;
				GCC_WARN_UNDECLARED_SELECTOR = YES;
				GCC_WARN_UNINITIALIZED_AUTOS = YES_AGGRESSIVE;
				GCC_WARN_UNUSED_FUNCTION = YES;
				GCC_WARN_UNUSED_VARIABLE = YES;
				IPHONEOS_DEPLOYMENT_TARGET = 13.5;
				MTL_ENABLE_DEBUG_INFO = NO;
				MTL_FAST_MATH = YES;
				SDKROOT = iphoneos;
				SWIFT_COMPILATION_MODE = wholemodule;
				SWIFT_OPTIMIZATION_LEVEL = "-O";
				VALIDATE_PRODUCT = YES;
			};
			name = Release;
		};
		FC5F6DC7247C722900C766B5 /* Debug */ = {
			isa = XCBuildConfiguration;
			buildSettings = {
				ASSETCATALOG_COMPILER_APPICON_NAME = AppIcon;
				CODE_SIGN_STYLE = Automatic;
				INFOPLIST_FILE = "HIIT-Timer/Info.plist";
				LD_RUNPATH_SEARCH_PATHS = (
					"$(inherited)",
					"@executable_path/Frameworks",
				);
				PRODUCT_BUNDLE_IDENTIFIER = "Project.HIIT-Timer";
				PRODUCT_NAME = "$(TARGET_NAME)";
				SWIFT_VERSION = 5.0;
				TARGETED_DEVICE_FAMILY = "1,2";
			};
			name = Debug;
		};
		FC5F6DC8247C722900C766B5 /* Release */ = {
			isa = XCBuildConfiguration;
			buildSettings = {
				ASSETCATALOG_COMPILER_APPICON_NAME = AppIcon;
				CODE_SIGN_STYLE = Automatic;
				INFOPLIST_FILE = "HIIT-Timer/Info.plist";
				LD_RUNPATH_SEARCH_PATHS = (
					"$(inherited)",
					"@executable_path/Frameworks",
				);
				PRODUCT_BUNDLE_IDENTIFIER = "Project.HIIT-Timer";
				PRODUCT_NAME = "$(TARGET_NAME)";
				SWIFT_VERSION = 5.0;
				TARGETED_DEVICE_FAMILY = "1,2";
			};
			name = Release;
		};
		FC5F6DCA247C722900C766B5 /* Debug */ = {
			isa = XCBuildConfiguration;
			buildSettings = {
				ALWAYS_EMBED_SWIFT_STANDARD_LIBRARIES = YES;
				BUNDLE_LOADER = "$(TEST_HOST)";
				CODE_SIGN_STYLE = Automatic;
				INFOPLIST_FILE = "HIIT-TimerTests/Info.plist";
				IPHONEOS_DEPLOYMENT_TARGET = 13.5;
				LD_RUNPATH_SEARCH_PATHS = (
					"$(inherited)",
					"@executable_path/Frameworks",
					"@loader_path/Frameworks",
				);
				PRODUCT_BUNDLE_IDENTIFIER = "Project.HIIT-TimerTests";
				PRODUCT_NAME = "$(TARGET_NAME)";
				SWIFT_VERSION = 5.0;
				TARGETED_DEVICE_FAMILY = "1,2";
				TEST_HOST = "$(BUILT_PRODUCTS_DIR)/HIIT-Timer.app/HIIT-Timer";
			};
			name = Debug;
		};
		FC5F6DCB247C722900C766B5 /* Release */ = {
			isa = XCBuildConfiguration;
			buildSettings = {
				ALWAYS_EMBED_SWIFT_STANDARD_LIBRARIES = YES;
				BUNDLE_LOADER = "$(TEST_HOST)";
				CODE_SIGN_STYLE = Automatic;
				INFOPLIST_FILE = "HIIT-TimerTests/Info.plist";
				IPHONEOS_DEPLOYMENT_TARGET = 13.5;
				LD_RUNPATH_SEARCH_PATHS = (
					"$(inherited)",
					"@executable_path/Frameworks",
					"@loader_path/Frameworks",
				);
				PRODUCT_BUNDLE_IDENTIFIER = "Project.HIIT-TimerTests";
				PRODUCT_NAME = "$(TARGET_NAME)";
				SWIFT_VERSION = 5.0;
				TARGETED_DEVICE_FAMILY = "1,2";
				TEST_HOST = "$(BUILT_PRODUCTS_DIR)/HIIT-Timer.app/HIIT-Timer";
			};
			name = Release;
		};
		FC5F6DCD247C722900C766B5 /* Debug */ = {
			isa = XCBuildConfiguration;
			buildSettings = {
				ALWAYS_EMBED_SWIFT_STANDARD_LIBRARIES = YES;
				CODE_SIGN_STYLE = Automatic;
				INFOPLIST_FILE = "HIIT-TimerUITests/Info.plist";
				LD_RUNPATH_SEARCH_PATHS = (
					"$(inherited)",
					"@executable_path/Frameworks",
					"@loader_path/Frameworks",
				);
				PRODUCT_BUNDLE_IDENTIFIER = "Project.HIIT-TimerUITests";
				PRODUCT_NAME = "$(TARGET_NAME)";
				SWIFT_VERSION = 5.0;
				TARGETED_DEVICE_FAMILY = "1,2";
				TEST_TARGET_NAME = "HIIT-Timer";
			};
			name = Debug;
		};
		FC5F6DCE247C722900C766B5 /* Release */ = {
			isa = XCBuildConfiguration;
			buildSettings = {
				ALWAYS_EMBED_SWIFT_STANDARD_LIBRARIES = YES;
				CODE_SIGN_STYLE = Automatic;
				INFOPLIST_FILE = "HIIT-TimerUITests/Info.plist";
				LD_RUNPATH_SEARCH_PATHS = (
					"$(inherited)",
					"@executable_path/Frameworks",
					"@loader_path/Frameworks",
				);
				PRODUCT_BUNDLE_IDENTIFIER = "Project.HIIT-TimerUITests";
				PRODUCT_NAME = "$(TARGET_NAME)";
				SWIFT_VERSION = 5.0;
				TARGETED_DEVICE_FAMILY = "1,2";
				TEST_TARGET_NAME = "HIIT-Timer";
			};
			name = Release;
		};
/* End XCBuildConfiguration section */

/* Begin XCConfigurationList section */
		FC5F6D97247C722800C766B5 /* Build configuration list for PBXProject "HIIT-Timer" */ = {
			isa = XCConfigurationList;
			buildConfigurations = (
				FC5F6DC4247C722900C766B5 /* Debug */,
				FC5F6DC5247C722900C766B5 /* Release */,
			);
			defaultConfigurationIsVisible = 0;
			defaultConfigurationName = Release;
		};
		FC5F6DC6247C722900C766B5 /* Build configuration list for PBXNativeTarget "HIIT-Timer" */ = {
			isa = XCConfigurationList;
			buildConfigurations = (
				FC5F6DC7247C722900C766B5 /* Debug */,
				FC5F6DC8247C722900C766B5 /* Release */,
			);
			defaultConfigurationIsVisible = 0;
			defaultConfigurationName = Release;
		};
		FC5F6DC9247C722900C766B5 /* Build configuration list for PBXNativeTarget "HIIT-TimerTests" */ = {
			isa = XCConfigurationList;
			buildConfigurations = (
				FC5F6DCA247C722900C766B5 /* Debug */,
				FC5F6DCB247C722900C766B5 /* Release */,
			);
			defaultConfigurationIsVisible = 0;
			defaultConfigurationName = Release;
		};
		FC5F6DCC247C722900C766B5 /* Build configuration list for PBXNativeTarget "HIIT-TimerUITests" */ = {
			isa = XCConfigurationList;
			buildConfigurations = (
				FC5F6DCD247C722900C766B5 /* Debug */,
				FC5F6DCE247C722900C766B5 /* Release */,
			);
			defaultConfigurationIsVisible = 0;
			defaultConfigurationName = Release;
		};
/* End XCConfigurationList section */
	};
	rootObject = FC5F6D94247C722800C766B5 /* Project object */;
}
